<?xml version="1.0" encoding="utf-8"?>
<Project ToolsVersion="17.0" xmlns="http://schemas.microsoft.com/developer/msbuild/2003">
  <ItemGroup>
    <CustomBuild Include="D:\Programation\Flutter\Plugin\Pluging_From_Scratch7aout\flutter_application_pluging_scratch\libraries\window_monitor\hardware_monitor_windows\CMakeLists.txt" />
  </ItemGroup>
  <ItemGroup>
  </ItemGroup>
</Project>
