<?xml version="1.0" encoding="utf-8"?>
<Project ToolsVersion="17.0" xmlns="http://schemas.microsoft.com/developer/msbuild/2003">
  <ItemGroup>
    <ClCompile Include="D:\Programation\Flutter\Plugin\Pluging_From_Scratch7aout\flutter_application_pluging_scratch\libraries\window_monitor\hardware_monitor_windows\hardware_monitor_windows.cpp">
      <Filter>Source Files</Filter>
    </ClCompile>
  </ItemGroup>
  <ItemGroup>
    <CustomBuild Include="D:\Programation\Flutter\Plugin\Pluging_From_Scratch7aout\flutter_application_pluging_scratch\libraries\window_monitor\hardware_monitor_windows\CMakeLists.txt" />
  </ItemGroup>
  <ItemGroup>
    <None Include="D:\Programation\Flutter\Plugin\Pluging_From_Scratch7aout\flutter_application_pluging_scratch\libraries\window_monitor\hardware_monitor_windows\hardware_monitor_windows.def">
      <Filter>Source Files</Filter>
    </None>
  </ItemGroup>
  <ItemGroup>
    <Filter Include="Source Files">
      <UniqueIdentifier>{311F10E7-0B79-39EE-BCE1-1081391D5354}</UniqueIdentifier>
    </Filter>
  </ItemGroup>
</Project>
